
Microsoft Visual Studio Solution File, Format Version 12.00
# Visual Studio Version 16
VisualStudioVersion = 16.0.30523.141
MinimumVisualStudioVersion = 10.0.40219.1
Project("{9A19103F-16F7-4668-BE54-9A1E7A4F7556}") = "Token.API", "Token.API.csproj", "{392175F4-BA0A-412C-8BEA-E206E54CD196}"
EndProject
Global
	GlobalSection(SolutionConfigurationPlatforms) = preSolution
		Debug|Any CPU = Debug|Any CPU
		Release|Any CPU = Release|Any CPU
	EndGlobalSection
	GlobalSection(ProjectConfigurationPlatforms) = postSolution
		{392175F4-BA0A-412C-8BEA-E206E54CD196}.Debug|Any CPU.ActiveCfg = Debug|Any CPU
		{392175F4-BA0A-412C-8BEA-E206E54CD196}.Debug|Any CPU.Build.0 = Debug|Any CPU
		{392175F4-BA0A-412C-8BEA-E206E54CD196}.Release|Any CPU.ActiveCfg = Release|Any CPU
		{392175F4-BA0A-412C-8BEA-E206E54CD196}.Release|Any CPU.Build.0 = Release|Any CPU
	EndGlobalSection
	GlobalSection(SolutionProperties) = preSolution
		HideSolutionNode = FALSE
	EndGlobalSection
	GlobalSection(ExtensibilityGlobals) = postSolution
		SolutionGuid = {62EC530C-2CCC-4A18-9FD6-C9E4D9D73C0C}
	EndGlobalSection
EndGlobal
